
Microsoft Visual Studio Solution File, Format Version 12.00
# Visual Studio Version 17
VisualStudioVersion = 17.5.002.0
MinimumVisualStudioVersion = 10.0.40219.1
Project("{9A19103F-16F7-4668-BE54-9A1E7A4F7556}") = "api", "api.csproj", "{65C57F94-DB8C-4DF2-AAC7-CD7B76FD7BE0}"
EndProject
Global
	GlobalSection(SolutionConfigurationPlatforms) = preSolution
		Debug|Any CPU = Debug|Any CPU
		Release|Any CPU = Release|Any CPU
	EndGlobalSection
	GlobalSection(ProjectConfigurationPlatforms) = postSolution
		{65C57F94-DB8C-4DF2-AAC7-CD7B76FD7BE0}.Debug|Any CPU.ActiveCfg = Debug|Any CPU
		{65C57F94-DB8C-4DF2-AAC7-CD7B76FD7BE0}.Debug|Any CPU.Build.0 = Debug|Any CPU
		{65C57F94-DB8C-4DF2-AAC7-CD7B76FD7BE0}.Release|Any CPU.ActiveCfg = Release|Any CPU
		{65C57F94-DB8C-4DF2-AAC7-CD7B76FD7BE0}.Release|Any CPU.Build.0 = Release|Any CPU
	EndGlobalSection
	GlobalSection(SolutionProperties) = preSolution
		HideSolutionNode = FALSE
	EndGlobalSection
	GlobalSection(ExtensibilityGlobals) = postSolution
		SolutionGuid = {062891C5-4499-499D-A85B-5A35010CBA3E}
	EndGlobalSection
EndGlobal
